
Microsoft Visual Studio Solution File, Format Version 12.00
# Visual Studio Version 17
VisualStudioVersion = 17.0.31903.59
MinimumVisualStudioVersion = 10.0.40219.1
Project("{2150E333-8FDC-42A3-9474-1A3956D46DE8}") = "Src", "Src", "{EF246056-425E-4A3E-A4B4-DB6196DBDD6D}"
EndProject
Project("{2150E333-8FDC-42A3-9474-1A3956D46DE8}") = "Application", "Application", "{C3B8C39C-7A6E-4144-8354-3182339DD974}"
EndProject
Project("{FAE04EC0-301F-11D3-BF4B-00C04F79EFBC}") = "DevTrayConsole", "Src\Application\DevTrayConsole\DevTrayConsole.csproj", "{B9DA3A45-9881-41F6-8037-8935FE98CE46}"
EndProject
Project("{2150E333-8FDC-42A3-9474-1A3956D46DE8}") = "Domain", "Domain", "{748C6FBA-C4A7-4A28-A898-28EAD3FF0A68}"
EndProject
Project("{FAE04EC0-301F-11D3-BF4B-00C04F79EFBC}") = "ConsoleEffects", "Src\Domain\ConsoleEffects\ConsoleEffects.csproj", "{977A9E66-0890-4B9E-8A09-E9C8CDFD8B76}"
EndProject
Global
	GlobalSection(SolutionConfigurationPlatforms) = preSolution
		Debug|Any CPU = Debug|Any CPU
		Release|Any CPU = Release|Any CPU
	EndGlobalSection
	GlobalSection(SolutionProperties) = preSolution
		HideSolutionNode = FALSE
	EndGlobalSection
	GlobalSection(ProjectConfigurationPlatforms) = postSolution
		{B9DA3A45-9881-41F6-8037-8935FE98CE46}.Debug|Any CPU.ActiveCfg = Debug|Any CPU
		{B9DA3A45-9881-41F6-8037-8935FE98CE46}.Debug|Any CPU.Build.0 = Debug|Any CPU
		{B9DA3A45-9881-41F6-8037-8935FE98CE46}.Release|Any CPU.ActiveCfg = Release|Any CPU
		{B9DA3A45-9881-41F6-8037-8935FE98CE46}.Release|Any CPU.Build.0 = Release|Any CPU
		{977A9E66-0890-4B9E-8A09-E9C8CDFD8B76}.Debug|Any CPU.ActiveCfg = Debug|Any CPU
		{977A9E66-0890-4B9E-8A09-E9C8CDFD8B76}.Debug|Any CPU.Build.0 = Debug|Any CPU
		{977A9E66-0890-4B9E-8A09-E9C8CDFD8B76}.Release|Any CPU.ActiveCfg = Release|Any CPU
		{977A9E66-0890-4B9E-8A09-E9C8CDFD8B76}.Release|Any CPU.Build.0 = Release|Any CPU
	EndGlobalSection
	GlobalSection(NestedProjects) = preSolution
		{C3B8C39C-7A6E-4144-8354-3182339DD974} = {EF246056-425E-4A3E-A4B4-DB6196DBDD6D}
		{B9DA3A45-9881-41F6-8037-8935FE98CE46} = {C3B8C39C-7A6E-4144-8354-3182339DD974}
		{748C6FBA-C4A7-4A28-A898-28EAD3FF0A68} = {EF246056-425E-4A3E-A4B4-DB6196DBDD6D}
		{977A9E66-0890-4B9E-8A09-E9C8CDFD8B76} = {748C6FBA-C4A7-4A28-A898-28EAD3FF0A68}
	EndGlobalSection
EndGlobal
